// !$*UTF8*$!
{
	archiveVersion = 1;
	classes = {
	};
	objectVersion = 56;
	objects = {

/* Begin PBXBuildFile section */
		A1000001249A0001000A0001 /* GitHubStreaksApp.swift in Sources */ = {isa = PBXBuildFile; fileRef = A1000001249A0000000A0001 /* GitHubStreaksApp.swift */; };
		A1000001249A0002000A0001 /* ContributionModels.swift in Sources */ = {isa = PBXBuildFile; fileRef = A1000001249A0000000A0002 /* ContributionModels.swift */; };
		A1000001249A0003000A0001 /* GitHubService.swift in Sources */ = {isa = PBXBuildFile; fileRef = A1000001249A0000000A0003 /* GitHubService.swift */; };
		A1000001249A0004000A0001 /* CacheManager.swift in Sources */ = {isa = PBXBuildFile; fileRef = A1000001249A0000000A0004 /* CacheManager.swift */; };
		A1000001249A0005000A0001 /* ContributionsViewModel.swift in Sources */ = {isa = PBXBuildFile; fileRef = A1000001249A0000000A0005 /* ContributionsViewModel.swift */; };
		A1000001249A0006000A0001 /* MainPopoverView.swift in Sources */ = {isa = PBXBuildFile; fileRef = A1000001249A0000000A0006 /* MainPopoverView.swift */; };
		A1000001249A0007000A0001 /* ContributionsGridView.swift in Sources */ = {isa = PBXBuildFile; fileRef = A1000001249A0000000A0007 /* ContributionsGridView.swift */; };
		A1000001249A0008000A0001 /* SettingsView.swift in Sources */ = {isa = PBXBuildFile; fileRef = A1000001249A0000000A0008 /* SettingsView.swift */; };
		A1000001249A0009000A0001 /* EventMonitor.swift in Sources */ = {isa = PBXBuildFile; fileRef = A1000001249A0000000A0009 /* EventMonitor.swift */; };
		A1000001249A0010000A0001 /* LaunchAtLoginManager.swift in Sources */ = {isa = PBXBuildFile; fileRef = A1000001249A0000000A0010 /* LaunchAtLoginManager.swift */; };
		A1000001249A0011000A0001 /* Assets.xcassets in Resources */ = {isa = PBXBuildFile; fileRef = A1000001249A0000000A0011 /* Assets.xcassets */; };
/* End PBXBuildFile section */

/* Begin PBXFileReference section */
		A1000001249A0000000A0000 /* GitHubStreaks.app */ = {isa = PBXFileReference; explicitFileType = wrapper.application; includeInIndex = 0; path = GitHubStreaks.app; sourceTree = BUILT_PRODUCTS_DIR; };
		A1000001249A0000000A0001 /* GitHubStreaksApp.swift */ = {isa = PBXFileReference; lastKnownFileType = sourcecode.swift; path = GitHubStreaksApp.swift; sourceTree = "<group>"; };
		A1000001249A0000000A0002 /* ContributionModels.swift */ = {isa = PBXFileReference; lastKnownFileType = sourcecode.swift; path = ContributionModels.swift; sourceTree = "<group>"; };
		A1000001249A0000000A0003 /* GitHubService.swift */ = {isa = PBXFileReference; lastKnownFileType = sourcecode.swift; path = GitHubService.swift; sourceTree = "<group>"; };
		A1000001249A0000000A0004 /* CacheManager.swift */ = {isa = PBXFileReference; lastKnownFileType = sourcecode.swift; path = CacheManager.swift; sourceTree = "<group>"; };
		A1000001249A0000000A0005 /* ContributionsViewModel.swift */ = {isa = PBXFileReference; lastKnownFileType = sourcecode.swift; path = ContributionsViewModel.swift; sourceTree = "<group>"; };
		A1000001249A0000000A0006 /* MainPopoverView.swift */ = {isa = PBXFileReference; lastKnownFileType = sourcecode.swift; path = MainPopoverView.swift; sourceTree = "<group>"; };
		A1000001249A0000000A0007 /* ContributionsGridView.swift */ = {isa = PBXFileReference; lastKnownFileType = sourcecode.swift; path = ContributionsGridView.swift; sourceTree = "<group>"; };
		A1000001249A0000000A0008 /* SettingsView.swift */ = {isa = PBXFileReference; lastKnownFileType = sourcecode.swift; path = SettingsView.swift; sourceTree = "<group>"; };
		A1000001249A0000000A0009 /* EventMonitor.swift */ = {isa = PBXFileReference; lastKnownFileType = sourcecode.swift; path = EventMonitor.swift; sourceTree = "<group>"; };
		A1000001249A0000000A0010 /* LaunchAtLoginManager.swift */ = {isa = PBXFileReference; lastKnownFileType = sourcecode.swift; path = LaunchAtLoginManager.swift; sourceTree = "<group>"; };
		A1000001249A0000000A0011 /* Assets.xcassets */ = {isa = PBXFileReference; lastKnownFileType = folder.assetcatalog; path = Assets.xcassets; sourceTree = "<group>"; };
		A1000001249A0000000A0012 /* Info.plist */ = {isa = PBXFileReference; lastKnownFileType = text.plist.xml; path = Info.plist; sourceTree = "<group>"; };
		A1000001249A0000000A0013 /* GitHubStreaks.entitlements */ = {isa = PBXFileReference; lastKnownFileType = text.plist.entitlements; path = GitHubStreaks.entitlements; sourceTree = "<group>"; };
/* End PBXFileReference section */

/* Begin PBXFrameworksBuildPhase section */
		A1000001249AFFFF000A0000 /* Frameworks */ = {
			isa = PBXFrameworksBuildPhase;
			buildActionMask = 2147483647;
			files = (
			);
			runOnlyForDeploymentPostprocessing = 0;
		};
/* End PBXFrameworksBuildPhase section */

/* Begin PBXGroup section */
		A1000001249A1000000A0000 = {
			isa = PBXGroup;
			children = (
				A1000001249A1001000A0000 /* GitHubStreaks */,
				A1000001249A1002000A0000 /* Products */,
			);
			sourceTree = "<group>";
		};
		A1000001249A1001000A0000 /* GitHubStreaks */ = {
			isa = PBXGroup;
			children = (
				A1000001249A0000000A0001 /* GitHubStreaksApp.swift */,
				A1000001249A1003000A0000 /* Models */,
				A1000001249A1004000A0000 /* Services */,
				A1000001249A1005000A0000 /* ViewModels */,
				A1000001249A1006000A0000 /* Views */,
				A1000001249A1007000A0000 /* Utils */,
				A1000001249A0000000A0011 /* Assets.xcassets */,
				A1000001249A0000000A0012 /* Info.plist */,
				A1000001249A0000000A0013 /* GitHubStreaks.entitlements */,
			);
			path = GitHubStreaks;
			sourceTree = "<group>";
		};
		A1000001249A1002000A0000 /* Products */ = {
			isa = PBXGroup;
			children = (
				A1000001249A0000000A0000 /* GitHubStreaks.app */,
			);
			name = Products;
			sourceTree = "<group>";
		};
		A1000001249A1003000A0000 /* Models */ = {
			isa = PBXGroup;
			children = (
				A1000001249A0000000A0002 /* ContributionModels.swift */,
			);
			path = Models;
			sourceTree = "<group>";
		};
		A1000001249A1004000A0000 /* Services */ = {
			isa = PBXGroup;
			children = (
				A1000001249A0000000A0003 /* GitHubService.swift */,
				A1000001249A0000000A0004 /* CacheManager.swift */,
			);
			path = Services;
			sourceTree = "<group>";
		};
		A1000001249A1005000A0000 /* ViewModels */ = {
			isa = PBXGroup;
			children = (
				A1000001249A0000000A0005 /* ContributionsViewModel.swift */,
			);
			path = ViewModels;
			sourceTree = "<group>";
		};
		A1000001249A1006000A0000 /* Views */ = {
			isa = PBXGroup;
			children = (
				A1000001249A0000000A0006 /* MainPopoverView.swift */,
				A1000001249A0000000A0008 /* SettingsView.swift */,
				A1000001249A1008000A0000 /* Components */,
			);
			path = Views;
			sourceTree = "<group>";
		};
		A1000001249A1007000A0000 /* Utils */ = {
			isa = PBXGroup;
			children = (
				A1000001249A0000000A0009 /* EventMonitor.swift */,
				A1000001249A0000000A0010 /* LaunchAtLoginManager.swift */,
			);
			path = Utils;
			sourceTree = "<group>";
		};
		A1000001249A1008000A0000 /* Components */ = {
			isa = PBXGroup;
			children = (
				A1000001249A0000000A0007 /* ContributionsGridView.swift */,
			);
			path = Components;
			sourceTree = "<group>";
		};
/* End PBXGroup section */

/* Begin PBXNativeTarget section */
		A1000001249A2000000A0000 /* GitHubStreaks */ = {
			isa = PBXNativeTarget;
			buildConfigurationList = A1000001249A3001000A0000 /* Build configuration list for PBXNativeTarget "GitHubStreaks" */;
			buildPhases = (
				A1000001249A2001000A0000 /* Sources */,
				A1000001249AFFFF000A0000 /* Frameworks */,
				A1000001249A2002000A0000 /* Resources */,
			);
			buildRules = (
			);
			dependencies = (
			);
			name = GitHubStreaks;
			productName = GitHubStreaks;
			productReference = A1000001249A0000000A0000 /* GitHubStreaks.app */;
			productType = "com.apple.product-type.application";
		};
/* End PBXNativeTarget section */

/* Begin PBXProject section */
		A1000001249A0100000A0000 /* Project object */ = {
			isa = PBXProject;
			attributes = {
				BuildIndependentTargetsInParallel = 1;
				LastSwiftUpdateCheck = 1500;
				LastUpgradeCheck = 1500;
				TargetAttributes = {
					A1000001249A2000000A0000 = {
						CreatedOnToolsVersion = 15.0;
					};
				};
			};
			buildConfigurationList = A1000001249A3000000A0000 /* Build configuration list for PBXProject "GitHubStreaks" */;
			compatibilityVersion = "Xcode 14.0";
			developmentRegion = en;
			hasScannedForEncodings = 0;
			knownRegions = (
				en,
				Base,
			);
			mainGroup = A1000001249A1000000A0000;
			productRefGroup = A1000001249A1002000A0000 /* Products */;
			projectDirPath = "";
			projectRoot = "";
			targets = (
				A1000001249A2000000A0000 /* GitHubStreaks */,
			);
		};
/* End PBXProject section */

/* Begin PBXResourcesBuildPhase section */
		A1000001249A2002000A0000 /* Resources */ = {
			isa = PBXResourcesBuildPhase;
			buildActionMask = 2147483647;
			files = (
				A1000001249A0011000A0001 /* Assets.xcassets in Resources */,
			);
			runOnlyForDeploymentPostprocessing = 0;
		};
/* End PBXResourcesBuildPhase section */

/* Begin PBXSourcesBuildPhase section */
		A1000001249A2001000A0000 /* Sources */ = {
			isa = PBXSourcesBuildPhase;
			buildActionMask = 2147483647;
			files = (
				A1000001249A0001000A0001 /* GitHubStreaksApp.swift in Sources */,
				A1000001249A0002000A0001 /* ContributionModels.swift in Sources */,
				A1000001249A0003000A0001 /* GitHubService.swift in Sources */,
				A1000001249A0004000A0001 /* CacheManager.swift in Sources */,
				A1000001249A0005000A0001 /* ContributionsViewModel.swift in Sources */,
				A1000001249A0006000A0001 /* MainPopoverView.swift in Sources */,
				A1000001249A0007000A0001 /* ContributionsGridView.swift in Sources */,
				A1000001249A0008000A0001 /* SettingsView.swift in Sources */,
				A1000001249A0009000A0001 /* EventMonitor.swift in Sources */,
				A1000001249A0010000A0001 /* LaunchAtLoginManager.swift in Sources */,
			);
			runOnlyForDeploymentPostprocessing = 0;
		};
/* End PBXSourcesBuildPhase section */

/* Begin XCBuildConfiguration section */
		A1000001249A4000000A0000 /* Debug */ = {
			isa = XCBuildConfiguration;
			buildSettings = {
				ALWAYS_SEARCH_USER_PATHS = NO;
				ASSETCATALOG_COMPILER_GENERATE_SWIFT_ASSET_SYMBOL_EXTENSIONS = YES;
				CLANG_ANALYZER_NONNULL = YES;
				CLANG_ANALYZER_NUMBER_OBJECT_CONVERSION = YES_AGGRESSIVE;
				CLANG_CXX_LANGUAGE_STANDARD = "gnu++20";
				CLANG_ENABLE_MODULES = YES;
				CLANG_ENABLE_OBJC_ARC = YES;
				CLANG_ENABLE_OBJC_WEAK = YES;
				CLANG_WARN_BLOCK_CAPTURE_AUTORELEASING = YES;
				CLANG_WARN_BOOL_CONVERSION = YES;
				CLANG_WARN_COMMA = YES;
				CLANG_WARN_CONSTANT_CONVERSION = YES;
				CLANG_WARN_DEPRECATED_OBJC_IMPLEMENTATIONS = YES;
				CLANG_WARN_DIRECT_OBJC_ISA_USAGE = YES_ERROR;
				CLANG_WARN_DOCUMENTATION_COMMENTS = YES;
				CLANG_WARN_EMPTY_BODY = YES;
				CLANG_WARN_ENUM_CONVERSION = YES;
				CLANG_WARN_INFINITE_RECURSION = YES;
				CLANG_WARN_INT_CONVERSION = YES;
				CLANG_WARN_NON_LITERAL_NULL_CONVERSION = YES;
				CLANG_WARN_OBJC_IMPLICIT_RETAIN_SELF = YES;
				CLANG_WARN_OBJC_LITERAL_CONVERSION = YES;
				CLANG_WARN_OBJC_ROOT_CLASS = YES_ERROR;
				CLANG_WARN_QUOTED_INCLUDE_IN_FRAMEWORK_HEADER = YES;
				CLANG_WARN_RANGE_LOOP_ANALYSIS = YES;
				CLANG_WARN_STRICT_PROTOTYPES = YES;
				CLANG_WARN_SUSPICIOUS_MOVE = YES;
				CLANG_WARN_UNGUARDED_AVAILABILITY = YES_AGGRESSIVE;
				CLANG_WARN_UNREACHABLE_CODE = YES;
				CLANG_WARN__DUPLICATE_METHOD_MATCH = YES;
				COPY_PHASE_STRIP = NO;
				DEBUG_INFORMATION_FORMAT = dwarf;
				ENABLE_STRICT_OBJC_MSGSEND = YES;
				ENABLE_TESTABILITY = YES;
				ENABLE_USER_SCRIPT_SANDBOXING = YES;
				GCC_C_LANGUAGE_STANDARD = gnu17;
				GCC_DYNAMIC_NO_PIC = NO;
				GCC_NO_COMMON_BLOCKS = YES;
				GCC_OPTIMIZATION_LEVEL = 0;
				GCC_PREPROCESSOR_DEFINITIONS = (
					"DEBUG=1",
					"$(inherited)",
				);
				GCC_WARN_64_TO_32_BIT_CONVERSION = YES;
				GCC_WARN_ABOUT_RETURN_TYPE = YES_ERROR;
				GCC_WARN_UNDECLARED_SELECTOR = YES;
				GCC_WARN_UNINITIALIZED_AUTOS = YES_AGGRESSIVE;
				GCC_WARN_UNUSED_FUNCTION = YES;
				GCC_WARN_UNUSED_VARIABLE = YES;
				LOCALIZATION_PREFERS_STRING_CATALOGS = YES;
				MACOSX_DEPLOYMENT_TARGET = 13.0;
				MTL_ENABLE_DEBUG_INFO = INCLUDE_SOURCE;
				MTL_FAST_MATH = YES;
				ONLY_ACTIVE_ARCH = YES;
				SDKROOT = macosx;
				SWIFT_ACTIVE_COMPILATION_CONDITIONS = "DEBUG $(inherited)";
				SWIFT_OPTIMIZATION_LEVEL = "-Onone";
			};
			name = Debug;
		};
		A1000001249A4001000A0000 /* Release */ = {
			isa = XCBuildConfiguration;
			buildSettings = {
				ALWAYS_SEARCH_USER_PATHS = NO;
				ASSETCATALOG_COMPILER_GENERATE_SWIFT_ASSET_SYMBOL_EXTENSIONS = YES;
				CLANG_ANALYZER_NONNULL = YES;
				CLANG_ANALYZER_NUMBER_OBJECT_CONVERSION = YES_AGGRESSIVE;
				CLANG_CXX_LANGUAGE_STANDARD = "gnu++20";
				CLANG_ENABLE_MODULES = YES;
				CLANG_ENABLE_OBJC_ARC = YES;
				CLANG_ENABLE_OBJC_WEAK = YES;
				CLANG_WARN_BLOCK_CAPTURE_AUTORELEASING = YES;
				CLANG_WARN_BOOL_CONVERSION = YES;
				CLANG_WARN_COMMA = YES;
				CLANG_WARN_CONSTANT_CONVERSION = YES;
				CLANG_WARN_DEPRECATED_OBJC_IMPLEMENTATIONS = YES;
				CLANG_WARN_DIRECT_OBJC_ISA_USAGE = YES_ERROR;
				CLANG_WARN_DOCUMENTATION_COMMENTS = YES;
				CLANG_WARN_EMPTY_BODY = YES;
				CLANG_WARN_ENUM_CONVERSION = YES;
				CLANG_WARN_INFINITE_RECURSION = YES;
				CLANG_WARN_INT_CONVERSION = YES;
				CLANG_WARN_NON_LITERAL_NULL_CONVERSION = YES;
				CLANG_WARN_OBJC_IMPLICIT_RETAIN_SELF = YES;
				CLANG_WARN_OBJC_LITERAL_CONVERSION = YES;
				CLANG_WARN_OBJC_ROOT_CLASS = YES_ERROR;
				CLANG_WARN_QUOTED_INCLUDE_IN_FRAMEWORK_HEADER = YES;
				CLANG_WARN_RANGE_LOOP_ANALYSIS = YES;
				CLANG_WARN_STRICT_PROTOTYPES = YES;
				CLANG_WARN_SUSPICIOUS_MOVE = YES;
				CLANG_WARN_UNGUARDED_AVAILABILITY = YES_AGGRESSIVE;
				CLANG_WARN_UNREACHABLE_CODE = YES;
				CLANG_WARN__DUPLICATE_METHOD_MATCH = YES;
				COPY_PHASE_STRIP = NO;
				DEBUG_INFORMATION_FORMAT = "dwarf-with-dsym";
				ENABLE_NS_ASSERTIONS = NO;
				ENABLE_STRICT_OBJC_MSGSEND = YES;
				ENABLE_USER_SCRIPT_SANDBOXING = YES;
				GCC_C_LANGUAGE_STANDARD = gnu17;
				GCC_NO_COMMON_BLOCKS = YES;
				GCC_WARN_64_TO_32_BIT_CONVERSION = YES;
				GCC_WARN_ABOUT_RETURN_TYPE = YES_ERROR;
				GCC_WARN_UNDECLARED_SELECTOR = YES;
				GCC_WARN_UNINITIALIZED_AUTOS = YES_AGGRESSIVE;
				GCC_WARN_UNUSED_FUNCTION = YES;
				GCC_WARN_UNUSED_VARIABLE = YES;
				LOCALIZATION_PREFERS_STRING_CATALOGS = YES;
				MACOSX_DEPLOYMENT_TARGET = 13.0;
				MTL_ENABLE_DEBUG_INFO = NO;
				MTL_FAST_MATH = YES;
				SDKROOT = macosx;
				SWIFT_COMPILATION_MODE = wholemodule;
			};
			name = Release;
		};
		A1000001249A4002000A0000 /* Debug */ = {
			isa = XCBuildConfiguration;
			buildSettings = {
				ASSETCATALOG_COMPILER_APPICON_NAME = AppIcon;
				ASSETCATALOG_COMPILER_GLOBAL_ACCENT_COLOR_NAME = AccentColor;
				CODE_SIGN_ENTITLEMENTS = GitHubStreaks/GitHubStreaks.entitlements;
				CODE_SIGN_STYLE = Automatic;
				COMBINE_HIDPI_IMAGES = YES;
				CURRENT_PROJECT_VERSION = 1;
				DEVELOPMENT_TEAM = "";
				ENABLE_HARDENED_RUNTIME = YES;
				GENERATE_INFOPLIST_FILE = NO;
				INFOPLIST_FILE = GitHubStreaks/Info.plist;
				INFOPLIST_KEY_LSApplicationCategoryType = "public.app-category.productivity";
				INFOPLIST_KEY_NSHumanReadableCopyright = "";
				LD_RUNPATH_SEARCH_PATHS = (
					"$(inherited)",
					"@executable_path/../Frameworks",
				);
				MARKETING_VERSION = 1.0;
				PRODUCT_BUNDLE_IDENTIFIER = com.example.GitHubStreaks;
				PRODUCT_NAME = "$(TARGET_NAME)";
				SWIFT_EMIT_LOC_STRINGS = YES;
				SWIFT_VERSION = 5.0;
			};
			name = Debug;
		};
		A1000001249A4003000A0000 /* Release */ = {
			isa = XCBuildConfiguration;
			buildSettings = {
				ASSETCATALOG_COMPILER_APPICON_NAME = AppIcon;
				ASSETCATALOG_COMPILER_GLOBAL_ACCENT_COLOR_NAME = AccentColor;
				CODE_SIGN_ENTITLEMENTS = GitHubStreaks/GitHubStreaks.entitlements;
				CODE_SIGN_STYLE = Automatic;
				COMBINE_HIDPI_IMAGES = YES;
				CURRENT_PROJECT_VERSION = 1;
				DEVELOPMENT_TEAM = "";
				ENABLE_HARDENED_RUNTIME = YES;
				GENERATE_INFOPLIST_FILE = NO;
				INFOPLIST_FILE = GitHubStreaks/Info.plist;
				INFOPLIST_KEY_LSApplicationCategoryType = "public.app-category.productivity";
				INFOPLIST_KEY_NSHumanReadableCopyright = "";
				LD_RUNPATH_SEARCH_PATHS = (
					"$(inherited)",
					"@executable_path/../Frameworks",
				);
				MARKETING_VERSION = 1.0;
				PRODUCT_BUNDLE_IDENTIFIER = com.example.GitHubStreaks;
				PRODUCT_NAME = "$(TARGET_NAME)";
				SWIFT_EMIT_LOC_STRINGS = YES;
				SWIFT_VERSION = 5.0;
			};
			name = Release;
		};
/* End XCBuildConfiguration section */

/* Begin XCConfigurationList section */
		A1000001249A3000000A0000 /* Build configuration list for PBXProject "GitHubStreaks" */ = {
			isa = XCConfigurationList;
			buildConfigurations = (
				A1000001249A4000000A0000 /* Debug */,
				A1000001249A4001000A0000 /* Release */,
			);
			defaultConfigurationIsVisible = 0;
			defaultConfigurationName = Release;
		};
		A1000001249A3001000A0000 /* Build configuration list for PBXNativeTarget "GitHubStreaks" */ = {
			isa = XCConfigurationList;
			buildConfigurations = (
				A1000001249A4002000A0000 /* Debug */,
				A1000001249A4003000A0000 /* Release */,
			);
			defaultConfigurationIsVisible = 0;
			defaultConfigurationName = Release;
		};
/* End XCConfigurationList section */
	};
	rootObject = A1000001249A0100000A0000 /* Project object */;
}
